
Microsoft Visual Studio Solution File, Format Version 12.00
# Visual Studio Version 17
VisualStudioVersion = 17.0.31903.59
MinimumVisualStudioVersion = 10.0.40219.1
Project("{FAE04EC0-301F-11D3-BF4B-00C04F79EFBC}") = "Serwis", "Serwis\Serwis.csproj", "{4421FD5A-593F-471C-AD60-967960B662F1}"
EndProject
Global
	GlobalSection(SolutionConfigurationPlatforms) = preSolution
		Debug|Any CPU = Debug|Any CPU
		Release|Any CPU = Release|Any CPU
	EndGlobalSection
	GlobalSection(ProjectConfigurationPlatforms) = postSolution
		{4421FD5A-593F-471C-AD60-967960B662F1}.Debug|Any CPU.ActiveCfg = Debug|Any CPU
		{4421FD5A-593F-471C-AD60-967960B662F1}.Debug|Any CPU.Build.0 = Debug|Any CPU
		{4421FD5A-593F-471C-AD60-967960B662F1}.Release|Any CPU.ActiveCfg = Release|Any CPU
		{4421FD5A-593F-471C-AD60-967960B662F1}.Release|Any CPU.Build.0 = Release|Any CPU
	EndGlobalSection
	GlobalSection(SolutionProperties) = preSolution
		HideSolutionNode = FALSE
	EndGlobalSection
	GlobalSection(ExtensibilityGlobals) = postSolution
		SolutionGuid = {1A787400-1A32-4581-879D-E8FD6715FF6F}
	EndGlobalSection
EndGlobal
